
Microsoft Visual Studio Solution File, Format Version 12.00
# Visual Studio 15
VisualStudioVersion = 15.0.28307.421
MinimumVisualStudioVersion = 10.0.40219.1
Project("{FAE04EC0-301F-11D3-BF4B-00C04F79EFBC}") = "AlphaMobile.Android", "AlphaMobile\AlphaMobile.Android\AlphaMobile.Android.csproj", "{1033E8AA-236F-48FF-8D37-C209E753880F}"
EndProject
Project("{FAE04EC0-301F-11D3-BF4B-00C04F79EFBC}") = "AlphaMobile.iOS", "AlphaMobile\AlphaMobile.iOS\AlphaMobile.iOS.csproj", "{EB0D3AE6-076B-45EB-AB0F-61E8BDE2C2E7}"
EndProject
Project("{FAE04EC0-301F-11D3-BF4B-00C04F79EFBC}") = "AlphaMobile", "AlphaMobile\AlphaMobile\AlphaMobile.csproj", "{5F361889-1956-4E23-B0BD-FC9B083600F5}"
EndProject
Global
	GlobalSection(SolutionConfigurationPlatforms) = preSolution
		Ad-Hoc|Any CPU = Ad-Hoc|Any CPU
		Ad-Hoc|iPhone = Ad-Hoc|iPhone
		Ad-Hoc|iPhoneSimulator = Ad-Hoc|iPhoneSimulator
		AppStore|Any CPU = AppStore|Any CPU
		AppStore|iPhone = AppStore|iPhone
		AppStore|iPhoneSimulator = AppStore|iPhoneSimulator
		Debug|Any CPU = Debug|Any CPU
		Debug|iPhone = Debug|iPhone
		Debug|iPhoneSimulator = Debug|iPhoneSimulator
		Release|Any CPU = Release|Any CPU
		Release|iPhone = Release|iPhone
		Release|iPhoneSimulator = Release|iPhoneSimulator
	EndGlobalSection
	GlobalSection(ProjectConfigurationPlatforms) = postSolution
		{1033E8AA-236F-48FF-8D37-C209E753880F}.Ad-Hoc|Any CPU.ActiveCfg = Release|Any CPU
		{1033E8AA-236F-48FF-8D37-C209E753880F}.Ad-Hoc|Any CPU.Build.0 = Release|Any CPU
		{1033E8AA-236F-48FF-8D37-C209E753880F}.Ad-Hoc|Any CPU.Deploy.0 = Release|Any CPU
		{1033E8AA-236F-48FF-8D37-C209E753880F}.Ad-Hoc|iPhone.ActiveCfg = Release|Any CPU
		{1033E8AA-236F-48FF-8D37-C209E753880F}.Ad-Hoc|iPhone.Build.0 = Release|Any CPU
		{1033E8AA-236F-48FF-8D37-C209E753880F}.Ad-Hoc|iPhone.Deploy.0 = Release|Any CPU
		{1033E8AA-236F-48FF-8D37-C209E753880F}.Ad-Hoc|iPhoneSimulator.ActiveCfg = Release|Any CPU
		{1033E8AA-236F-48FF-8D37-C209E753880F}.Ad-Hoc|iPhoneSimulator.Build.0 = Release|Any CPU
		{1033E8AA-236F-48FF-8D37-C209E753880F}.Ad-Hoc|iPhoneSimulator.Deploy.0 = Release|Any CPU
		{1033E8AA-236F-48FF-8D37-C209E753880F}.AppStore|Any CPU.ActiveCfg = Release|Any CPU
		{1033E8AA-236F-48FF-8D37-C209E753880F}.AppStore|Any CPU.Build.0 = Release|Any CPU
		{1033E8AA-236F-48FF-8D37-C209E753880F}.AppStore|Any CPU.Deploy.0 = Release|Any CPU
		{1033E8AA-236F-48FF-8D37-C209E753880F}.AppStore|iPhone.ActiveCfg = Release|Any CPU
		{1033E8AA-236F-48FF-8D37-C209E753880F}.AppStore|iPhone.Build.0 = Release|Any CPU
		{1033E8AA-236F-48FF-8D37-C209E753880F}.AppStore|iPhone.Deploy.0 = Release|Any CPU
		{1033E8AA-236F-48FF-8D37-C209E753880F}.AppStore|iPhoneSimulator.ActiveCfg = Release|Any CPU
		{1033E8AA-236F-48FF-8D37-C209E753880F}.AppStore|iPhoneSimulator.Build.0 = Release|Any CPU
		{1033E8AA-236F-48FF-8D37-C209E753880F}.AppStore|iPhoneSimulator.Deploy.0 = Release|Any CPU
		{1033E8AA-236F-48FF-8D37-C209E753880F}.Debug|Any CPU.ActiveCfg = Debug|Any CPU
		{1033E8AA-236F-48FF-8D37-C209E753880F}.Debug|Any CPU.Build.0 = Debug|Any CPU
		{1033E8AA-236F-48FF-8D37-C209E753880F}.Debug|Any CPU.Deploy.0 = Debug|Any CPU
		{1033E8AA-236F-48FF-8D37-C209E753880F}.Debug|iPhone.ActiveCfg = Debug|Any CPU
		{1033E8AA-236F-48FF-8D37-C209E753880F}.Debug|iPhone.Build.0 = Debug|Any CPU
		{1033E8AA-236F-48FF-8D37-C209E753880F}.Debug|iPhone.Deploy.0 = Debug|Any CPU
		{1033E8AA-236F-48FF-8D37-C209E753880F}.Debug|iPhoneSimulator.ActiveCfg = Debug|Any CPU
		{1033E8AA-236F-48FF-8D37-C209E753880F}.Debug|iPhoneSimulator.Build.0 = Debug|Any CPU
		{1033E8AA-236F-48FF-8D37-C209E753880F}.Debug|iPhoneSimulator.Deploy.0 = Debug|Any CPU
		{1033E8AA-236F-48FF-8D37-C209E753880F}.Release|Any CPU.ActiveCfg = Release|Any CPU
		{1033E8AA-236F-48FF-8D37-C209E753880F}.Release|Any CPU.Build.0 = Release|Any CPU
		{1033E8AA-236F-48FF-8D37-C209E753880F}.Release|Any CPU.Deploy.0 = Release|Any CPU
		{1033E8AA-236F-48FF-8D37-C209E753880F}.Release|iPhone.ActiveCfg = Release|Any CPU
		{1033E8AA-236F-48FF-8D37-C209E753880F}.Release|iPhone.Build.0 = Release|Any CPU
		{1033E8AA-236F-48FF-8D37-C209E753880F}.Release|iPhone.Deploy.0 = Release|Any CPU
		{1033E8AA-236F-48FF-8D37-C209E753880F}.Release|iPhoneSimulator.ActiveCfg = Release|Any CPU
		{1033E8AA-236F-48FF-8D37-C209E753880F}.Release|iPhoneSimulator.Build.0 = Release|Any CPU
		{1033E8AA-236F-48FF-8D37-C209E753880F}.Release|iPhoneSimulator.Deploy.0 = Release|Any CPU
		{EB0D3AE6-076B-45EB-AB0F-61E8BDE2C2E7}.Ad-Hoc|Any CPU.ActiveCfg = Ad-Hoc|iPhone
		{EB0D3AE6-076B-45EB-AB0F-61E8BDE2C2E7}.Ad-Hoc|Any CPU.Build.0 = Ad-Hoc|iPhone
		{EB0D3AE6-076B-45EB-AB0F-61E8BDE2C2E7}.Ad-Hoc|Any CPU.Deploy.0 = Ad-Hoc|iPhone
		{EB0D3AE6-076B-45EB-AB0F-61E8BDE2C2E7}.Ad-Hoc|iPhone.ActiveCfg = Ad-Hoc|iPhone
		{EB0D3AE6-076B-45EB-AB0F-61E8BDE2C2E7}.Ad-Hoc|iPhone.Build.0 = Ad-Hoc|iPhone
		{EB0D3AE6-076B-45EB-AB0F-61E8BDE2C2E7}.Ad-Hoc|iPhone.Deploy.0 = Ad-Hoc|iPhone
		{EB0D3AE6-076B-45EB-AB0F-61E8BDE2C2E7}.Ad-Hoc|iPhoneSimulator.ActiveCfg = Ad-Hoc|iPhoneSimulator
		{EB0D3AE6-076B-45EB-AB0F-61E8BDE2C2E7}.Ad-Hoc|iPhoneSimulator.Build.0 = Ad-Hoc|iPhoneSimulator
		{EB0D3AE6-076B-45EB-AB0F-61E8BDE2C2E7}.Ad-Hoc|iPhoneSimulator.Deploy.0 = Ad-Hoc|iPhoneSimulator
		{EB0D3AE6-076B-45EB-AB0F-61E8BDE2C2E7}.AppStore|Any CPU.ActiveCfg = AppStore|iPhone
		{EB0D3AE6-076B-45EB-AB0F-61E8BDE2C2E7}.AppStore|Any CPU.Build.0 = AppStore|iPhone
		{EB0D3AE6-076B-45EB-AB0F-61E8BDE2C2E7}.AppStore|Any CPU.Deploy.0 = AppStore|iPhone
		{EB0D3AE6-076B-45EB-AB0F-61E8BDE2C2E7}.AppStore|iPhone.ActiveCfg = AppStore|iPhone
		{EB0D3AE6-076B-45EB-AB0F-61E8BDE2C2E7}.AppStore|iPhone.Build.0 = AppStore|iPhone
		{EB0D3AE6-076B-45EB-AB0F-61E8BDE2C2E7}.AppStore|iPhone.Deploy.0 = AppStore|iPhone
		{EB0D3AE6-076B-45EB-AB0F-61E8BDE2C2E7}.AppStore|iPhoneSimulator.ActiveCfg = AppStore|iPhoneSimulator
		{EB0D3AE6-076B-45EB-AB0F-61E8BDE2C2E7}.AppStore|iPhoneSimulator.Build.0 = AppStore|iPhoneSimulator
		{EB0D3AE6-076B-45EB-AB0F-61E8BDE2C2E7}.AppStore|iPhoneSimulator.Deploy.0 = AppStore|iPhoneSimulator
		{EB0D3AE6-076B-45EB-AB0F-61E8BDE2C2E7}.Debug|Any CPU.ActiveCfg = Debug|iPhoneSimulator
		{EB0D3AE6-076B-45EB-AB0F-61E8BDE2C2E7}.Debug|Any CPU.Build.0 = Debug|iPhoneSimulator
		{EB0D3AE6-076B-45EB-AB0F-61E8BDE2C2E7}.Debug|Any CPU.Deploy.0 = Debug|iPhoneSimulator
		{EB0D3AE6-076B-45EB-AB0F-61E8BDE2C2E7}.Debug|iPhone.ActiveCfg = Debug|iPhone
		{EB0D3AE6-076B-45EB-AB0F-61E8BDE2C2E7}.Debug|iPhone.Build.0 = Debug|iPhone
		{EB0D3AE6-076B-45EB-AB0F-61E8BDE2C2E7}.Debug|iPhone.Deploy.0 = Debug|iPhone
		{EB0D3AE6-076B-45EB-AB0F-61E8BDE2C2E7}.Debug|iPhoneSimulator.ActiveCfg = Debug|iPhoneSimulator
		{EB0D3AE6-076B-45EB-AB0F-61E8BDE2C2E7}.Debug|iPhoneSimulator.Build.0 = Debug|iPhoneSimulator
		{EB0D3AE6-076B-45EB-AB0F-61E8BDE2C2E7}.Debug|iPhoneSimulator.Deploy.0 = Debug|iPhoneSimulator
		{EB0D3AE6-076B-45EB-AB0F-61E8BDE2C2E7}.Release|Any CPU.ActiveCfg = Release|iPhone
		{EB0D3AE6-076B-45EB-AB0F-61E8BDE2C2E7}.Release|Any CPU.Build.0 = Release|iPhone
		{EB0D3AE6-076B-45EB-AB0F-61E8BDE2C2E7}.Release|Any CPU.Deploy.0 = Release|iPhone
		{EB0D3AE6-076B-45EB-AB0F-61E8BDE2C2E7}.Release|iPhone.ActiveCfg = Release|iPhone
		{EB0D3AE6-076B-45EB-AB0F-61E8BDE2C2E7}.Release|iPhone.Build.0 = Release|iPhone
		{EB0D3AE6-076B-45EB-AB0F-61E8BDE2C2E7}.Release|iPhone.Deploy.0 = Release|iPhone
		{EB0D3AE6-076B-45EB-AB0F-61E8BDE2C2E7}.Release|iPhoneSimulator.ActiveCfg = Release|iPhoneSimulator
		{EB0D3AE6-076B-45EB-AB0F-61E8BDE2C2E7}.Release|iPhoneSimulator.Build.0 = Release|iPhoneSimulator
		{EB0D3AE6-076B-45EB-AB0F-61E8BDE2C2E7}.Release|iPhoneSimulator.Deploy.0 = Release|iPhoneSimulator
		{5F361889-1956-4E23-B0BD-FC9B083600F5}.Ad-Hoc|Any CPU.ActiveCfg = Debug|Any CPU
		{5F361889-1956-4E23-B0BD-FC9B083600F5}.Ad-Hoc|Any CPU.Build.0 = Debug|Any CPU
		{5F361889-1956-4E23-B0BD-FC9B083600F5}.Ad-Hoc|Any CPU.Deploy.0 = Debug|Any CPU
		{5F361889-1956-4E23-B0BD-FC9B083600F5}.Ad-Hoc|iPhone.ActiveCfg = Debug|Any CPU
		{5F361889-1956-4E23-B0BD-FC9B083600F5}.Ad-Hoc|iPhone.Build.0 = Debug|Any CPU
		{5F361889-1956-4E23-B0BD-FC9B083600F5}.Ad-Hoc|iPhone.Deploy.0 = Debug|Any CPU
		{5F361889-1956-4E23-B0BD-FC9B083600F5}.Ad-Hoc|iPhoneSimulator.ActiveCfg = Debug|Any CPU
		{5F361889-1956-4E23-B0BD-FC9B083600F5}.Ad-Hoc|iPhoneSimulator.Build.0 = Debug|Any CPU
		{5F361889-1956-4E23-B0BD-FC9B083600F5}.Ad-Hoc|iPhoneSimulator.Deploy.0 = Debug|Any CPU
		{5F361889-1956-4E23-B0BD-FC9B083600F5}.AppStore|Any CPU.ActiveCfg = Debug|Any CPU
		{5F361889-1956-4E23-B0BD-FC9B083600F5}.AppStore|Any CPU.Build.0 = Debug|Any CPU
		{5F361889-1956-4E23-B0BD-FC9B083600F5}.AppStore|Any CPU.Deploy.0 = Debug|Any CPU
		{5F361889-1956-4E23-B0BD-FC9B083600F5}.AppStore|iPhone.ActiveCfg = Debug|Any CPU
		{5F361889-1956-4E23-B0BD-FC9B083600F5}.AppStore|iPhone.Build.0 = Debug|Any CPU
		{5F361889-1956-4E23-B0BD-FC9B083600F5}.AppStore|iPhone.Deploy.0 = Debug|Any CPU
		{5F361889-1956-4E23-B0BD-FC9B083600F5}.AppStore|iPhoneSimulator.ActiveCfg = Debug|Any CPU
		{5F361889-1956-4E23-B0BD-FC9B083600F5}.AppStore|iPhoneSimulator.Build.0 = Debug|Any CPU
		{5F361889-1956-4E23-B0BD-FC9B083600F5}.AppStore|iPhoneSimulator.Deploy.0 = Debug|Any CPU
		{5F361889-1956-4E23-B0BD-FC9B083600F5}.Debug|Any CPU.ActiveCfg = Debug|Any CPU
		{5F361889-1956-4E23-B0BD-FC9B083600F5}.Debug|Any CPU.Build.0 = Debug|Any CPU
		{5F361889-1956-4E23-B0BD-FC9B083600F5}.Debug|Any CPU.Deploy.0 = Debug|Any CPU
		{5F361889-1956-4E23-B0BD-FC9B083600F5}.Debug|iPhone.ActiveCfg = Debug|Any CPU
		{5F361889-1956-4E23-B0BD-FC9B083600F5}.Debug|iPhone.Build.0 = Debug|Any CPU
		{5F361889-1956-4E23-B0BD-FC9B083600F5}.Debug|iPhone.Deploy.0 = Debug|Any CPU
		{5F361889-1956-4E23-B0BD-FC9B083600F5}.Debug|iPhoneSimulator.ActiveCfg = Debug|Any CPU
		{5F361889-1956-4E23-B0BD-FC9B083600F5}.Debug|iPhoneSimulator.Build.0 = Debug|Any CPU
		{5F361889-1956-4E23-B0BD-FC9B083600F5}.Debug|iPhoneSimulator.Deploy.0 = Debug|Any CPU
		{5F361889-1956-4E23-B0BD-FC9B083600F5}.Release|Any CPU.ActiveCfg = Release|Any CPU
		{5F361889-1956-4E23-B0BD-FC9B083600F5}.Release|Any CPU.Build.0 = Release|Any CPU
		{5F361889-1956-4E23-B0BD-FC9B083600F5}.Release|Any CPU.Deploy.0 = Release|Any CPU
		{5F361889-1956-4E23-B0BD-FC9B083600F5}.Release|iPhone.ActiveCfg = Release|Any CPU
		{5F361889-1956-4E23-B0BD-FC9B083600F5}.Release|iPhone.Build.0 = Release|Any CPU
		{5F361889-1956-4E23-B0BD-FC9B083600F5}.Release|iPhone.Deploy.0 = Release|Any CPU
		{5F361889-1956-4E23-B0BD-FC9B083600F5}.Release|iPhoneSimulator.ActiveCfg = Release|Any CPU
		{5F361889-1956-4E23-B0BD-FC9B083600F5}.Release|iPhoneSimulator.Build.0 = Release|Any CPU
		{5F361889-1956-4E23-B0BD-FC9B083600F5}.Release|iPhoneSimulator.Deploy.0 = Release|Any CPU
	EndGlobalSection
	GlobalSection(SolutionProperties) = preSolution
		HideSolutionNode = FALSE
	EndGlobalSection
	GlobalSection(ExtensibilityGlobals) = postSolution
		SolutionGuid = {780A3B9E-FB66-41F0-AF9F-75406A45FB66}
	EndGlobalSection
EndGlobal
